// !$*UTF8*$!
{
	archiveVersion = 1;
	classes = {
	};
	objectVersion = 56;
	objects = {

/* Begin PBXBuildFile section */
		31F7DD602904EAC6007E6E99 /* BookmarkViewController.swift in Sources */ = {isa = PBXBuildFile; fileRef = 31F7DD5F2904EAC6007E6E99 /* BookmarkViewController.swift */; };
		31F7DD632904EAE9007E6E99 /* BookmarkCollectionViewCell.swift in Sources */ = {isa = PBXBuildFile; fileRef = 31F7DD622904EAE9007E6E99 /* BookmarkCollectionViewCell.swift */; };
		31F7DD652904EB0C007E6E99 /* ImageCarouselCollectionViewCell.swift in Sources */ = {isa = PBXBuildFile; fileRef = 31F7DD642904EB0C007E6E99 /* ImageCarouselCollectionViewCell.swift */; };
		31F7DD6929058A4C007E6E99 /* BookmarkDelegate.swift in Sources */ = {isa = PBXBuildFile; fileRef = 31F7DD6829058A4C007E6E99 /* BookmarkDelegate.swift */; };
		361D54CF2901CABB00ACA11E /* DetailBookstoreViewController.swift in Sources */ = {isa = PBXBuildFile; fileRef = 361D54CE2901CABB00ACA11E /* DetailBookstoreViewController.swift */; };
		36B1B3842904102300C91825 /* DetailBookstoreView.swift in Sources */ = {isa = PBXBuildFile; fileRef = 36B1B3832904102300C91825 /* DetailBookstoreView.swift */; };
		36BD7D64290404C200CBC879 /* UILabel+.swift in Sources */ = {isa = PBXBuildFile; fileRef = 36BD7D63290404C200CBC879 /* UILabel+.swift */; };
		6EE5E39B28FD313C00EA7413 /* AppDelegate.swift in Sources */ = {isa = PBXBuildFile; fileRef = 6EE5E39A28FD313C00EA7413 /* AppDelegate.swift */; };
		6EE5E39D28FD313C00EA7413 /* SceneDelegate.swift in Sources */ = {isa = PBXBuildFile; fileRef = 6EE5E39C28FD313C00EA7413 /* SceneDelegate.swift */; };
		6EE5E39F28FD313C00EA7413 /* HomeViewController.swift in Sources */ = {isa = PBXBuildFile; fileRef = 6EE5E39E28FD313C00EA7413 /* HomeViewController.swift */; };
		6EE5E3A228FD313C00EA7413 /* Main.storyboard in Resources */ = {isa = PBXBuildFile; fileRef = 6EE5E3A028FD313C00EA7413 /* Main.storyboard */; };
		6EE5E3A428FD313D00EA7413 /* Assets.xcassets in Resources */ = {isa = PBXBuildFile; fileRef = 6EE5E3A328FD313D00EA7413 /* Assets.xcassets */; };
		6EE5E3A728FD313D00EA7413 /* LaunchScreen.storyboard in Resources */ = {isa = PBXBuildFile; fileRef = 6EE5E3A528FD313D00EA7413 /* LaunchScreen.storyboard */; };
		6EE5E3AF28FD318A00EA7413 /* MyPageViewController.swift in Sources */ = {isa = PBXBuildFile; fileRef = 6EE5E3AE28FD318A00EA7413 /* MyPageViewController.swift */; };
		6EE5E3EF28FECECE00EA7413 /* CurationHeader.swift in Sources */ = {isa = PBXBuildFile; fileRef = 6EE5E3EE28FECECE00EA7413 /* CurationHeader.swift */; };
		6EE5E3F128FECEE900EA7413 /* CurationViewController.swift in Sources */ = {isa = PBXBuildFile; fileRef = 6EE5E3F028FECEE900EA7413 /* CurationViewController.swift */; };
		6EE5E3F428FECF1300EA7413 /* CurationHeaderView.swift in Sources */ = {isa = PBXBuildFile; fileRef = 6EE5E3F328FECF1300EA7413 /* CurationHeaderView.swift */; };
		6EE5E3F628FECF4200EA7413 /* CurationDetail.swift in Sources */ = {isa = PBXBuildFile; fileRef = 6EE5E3F528FECF4200EA7413 /* CurationDetail.swift */; };
		6EE5E3F828FECFA300EA7413 /* CurationDetailCell.swift in Sources */ = {isa = PBXBuildFile; fileRef = 6EE5E3F728FECFA300EA7413 /* CurationDetailCell.swift */; };
		6EE5E42029027F5D00EA7413 /* NSObject+.swift in Sources */ = {isa = PBXBuildFile; fileRef = 6EE5E41F29027F5D00EA7413 /* NSObject+.swift */; };
		6EE5E4222902A8D300EA7413 /* CurationLayout.swift in Sources */ = {isa = PBXBuildFile; fileRef = 6EE5E4212902A8D300EA7413 /* CurationLayout.swift */; };
		6EE5E42629055A7700EA7413 /* TestCurationCell.swift in Sources */ = {isa = PBXBuildFile; fileRef = 6EE5E42529055A7700EA7413 /* TestCurationCell.swift */; };
		6EE5E4282905661E00EA7413 /* UIViewController+.swift in Sources */ = {isa = PBXBuildFile; fileRef = 6EE5E4272905661E00EA7413 /* UIViewController+.swift */; };
		77DCB14A290297C100EAB5D5 /* NearbyCell.swift in Sources */ = {isa = PBXBuildFile; fileRef = 77DCB149290297C100EAB5D5 /* NearbyCell.swift */; };
		77DCB14D2902982700EAB5D5 /* NearbyDummy.swift in Sources */ = {isa = PBXBuildFile; fileRef = 77DCB14C2902982700EAB5D5 /* NearbyDummy.swift */; };
		77DCB1502902987700EAB5D5 /* NearbyViewController.swift in Sources */ = {isa = PBXBuildFile; fileRef = 77DCB14F2902987700EAB5D5 /* NearbyViewController.swift */; };
		77DCB15229029CF500EAB5D5 /* UITableView+.swift in Sources */ = {isa = PBXBuildFile; fileRef = 77DCB15129029CF500EAB5D5 /* UITableView+.swift */; };
		77DCB15429029D1F00EAB5D5 /* UIButton+.swift in Sources */ = {isa = PBXBuildFile; fileRef = 77DCB15329029D1F00EAB5D5 /* UIButton+.swift */; };
		77DCB1612904457600EAB5D5 /* RegionViewController.swift in Sources */ = {isa = PBXBuildFile; fileRef = 77DCB1602904457600EAB5D5 /* RegionViewController.swift */; };
		77DCB1632904462300EAB5D5 /* RegionCell.swift in Sources */ = {isa = PBXBuildFile; fileRef = 77DCB1622904462300EAB5D5 /* RegionCell.swift */; };
		77DCB1662904467B00EAB5D5 /* RegionHeaderView.swift in Sources */ = {isa = PBXBuildFile; fileRef = 77DCB1652904467B00EAB5D5 /* RegionHeaderView.swift */; };
		77DCB1682905397E00EAB5D5 /* HomeSearchViewController.swift in Sources */ = {isa = PBXBuildFile; fileRef = 77DCB1672905397E00EAB5D5 /* HomeSearchViewController.swift */; };
		77DCB16A29053B9900EAB5D5 /* HomeSearchCell.swift in Sources */ = {isa = PBXBuildFile; fileRef = 77DCB16929053B9900EAB5D5 /* HomeSearchCell.swift */; };
		7B404C1328FE889200A24C89 /* UIColor+.swift in Sources */ = {isa = PBXBuildFile; fileRef = 7B404C1228FE889200A24C89 /* UIColor+.swift */; };
		7B404C1528FE88BD00A24C89 /* ResourcesFile.swift in Sources */ = {isa = PBXBuildFile; fileRef = 7B404C1428FE88BD00A24C89 /* ResourcesFile.swift */; };
		7B404C1B28FE89BA00A24C89 /* Bookstore.swift in Sources */ = {isa = PBXBuildFile; fileRef = 7B404C1A28FE89BA00A24C89 /* Bookstore.swift */; };
		7B404C1D28FE8E3000A24C89 /* Region.swift in Sources */ = {isa = PBXBuildFile; fileRef = 7B404C1C28FE8E3000A24C89 /* Region.swift */; };
		7B404C1F28FE90B700A24C89 /* Item.swift in Sources */ = {isa = PBXBuildFile; fileRef = 7B404C1E28FE90B700A24C89 /* Item.swift */; };
		7B404C2128FFAA7900A24C89 /* TempCuration.swift in Sources */ = {isa = PBXBuildFile; fileRef = 7B404C2028FFAA7900A24C89 /* TempCuration.swift */; };
		7B404C2328FFD26100A24C89 /* MainCurationCollectionViewCell.swift in Sources */ = {isa = PBXBuildFile; fileRef = 7B404C2228FFD26100A24C89 /* MainCurationCollectionViewCell.swift */; };
		7B404C2528FFD33500A24C89 /* CurationCollectionViewCell.swift in Sources */ = {isa = PBXBuildFile; fileRef = 7B404C2428FFD33500A24C89 /* CurationCollectionViewCell.swift */; };
		7B404C2728FFD36E00A24C89 /* NearByBookstoreCollectionViewCell.swift in Sources */ = {isa = PBXBuildFile; fileRef = 7B404C2628FFD36E00A24C89 /* NearByBookstoreCollectionViewCell.swift */; };
		7B404C2928FFD3B000A24C89 /* BookmarkedCollectionViewCell.swift in Sources */ = {isa = PBXBuildFile; fileRef = 7B404C2828FFD3B000A24C89 /* BookmarkedCollectionViewCell.swift */; };
		7B404C2B28FFD3CF00A24C89 /* RegionCollectionViewCell.swift in Sources */ = {isa = PBXBuildFile; fileRef = 7B404C2A28FFD3CF00A24C89 /* RegionCollectionViewCell.swift */; };
		7B404C2F29016CAF00A24C89 /* SectionHeaderView.swift in Sources */ = {isa = PBXBuildFile; fileRef = 7B404C2E29016CAF00A24C89 /* SectionHeaderView.swift */; };
		7B404C3129017C7300A24C89 /* SectionHeaderDelegate.swift in Sources */ = {isa = PBXBuildFile; fileRef = 7B404C3029017C7300A24C89 /* SectionHeaderDelegate.swift */; };
		7B9D70C0290799AB0004AAD6 /* FirebaseAnalytics in Frameworks */ = {isa = PBXBuildFile; productRef = 7B9D70BF290799AB0004AAD6 /* FirebaseAnalytics */; };
		7B9D70C2290799AB0004AAD6 /* FirebaseAuth in Frameworks */ = {isa = PBXBuildFile; productRef = 7B9D70C1290799AB0004AAD6 /* FirebaseAuth */; };
		7B9D70C4290799AB0004AAD6 /* FirebaseFirestore in Frameworks */ = {isa = PBXBuildFile; productRef = 7B9D70C3290799AB0004AAD6 /* FirebaseFirestore */; };
		7B9D70C6290799AB0004AAD6 /* FirebaseFirestoreSwift in Frameworks */ = {isa = PBXBuildFile; productRef = 7B9D70C5290799AB0004AAD6 /* FirebaseFirestoreSwift */; };
		7B9D70C8290799AB0004AAD6 /* FirebaseStorage in Frameworks */ = {isa = PBXBuildFile; productRef = 7B9D70C7290799AB0004AAD6 /* FirebaseStorage */; };
		7BD11B9A2907B6A90013285B /* GoogleService-Info.plist in Resources */ = {isa = PBXBuildFile; fileRef = 7BD11B992907B6A90013285B /* GoogleService-Info.plist */; };
		7BDAE69D290504A900BC41E9 /* EmptyBookmarkCollectionViewCell.swift in Sources */ = {isa = PBXBuildFile; fileRef = 7BDAE69C290504A900BC41E9 /* EmptyBookmarkCollectionViewCell.swift */; };
		7BDAE69F2905107900BC41E9 /* EmptyNearbyCollectionViewCell.swift in Sources */ = {isa = PBXBuildFile; fileRef = 7BDAE69E2905107900BC41E9 /* EmptyNearbyCollectionViewCell.swift */; };
/* End PBXBuildFile section */

/* Begin PBXFileReference section */
		31F7DD5F2904EAC6007E6E99 /* BookmarkViewController.swift */ = {isa = PBXFileReference; lastKnownFileType = sourcecode.swift; path = BookmarkViewController.swift; sourceTree = "<group>"; };
		31F7DD622904EAE9007E6E99 /* BookmarkCollectionViewCell.swift */ = {isa = PBXFileReference; lastKnownFileType = sourcecode.swift; path = BookmarkCollectionViewCell.swift; sourceTree = "<group>"; };
		31F7DD642904EB0C007E6E99 /* ImageCarouselCollectionViewCell.swift */ = {isa = PBXFileReference; lastKnownFileType = sourcecode.swift; path = ImageCarouselCollectionViewCell.swift; sourceTree = "<group>"; };
		31F7DD6829058A4C007E6E99 /* BookmarkDelegate.swift */ = {isa = PBXFileReference; lastKnownFileType = sourcecode.swift; path = BookmarkDelegate.swift; sourceTree = "<group>"; };
		361D54CE2901CABB00ACA11E /* DetailBookstoreViewController.swift */ = {isa = PBXFileReference; lastKnownFileType = sourcecode.swift; path = DetailBookstoreViewController.swift; sourceTree = "<group>"; };
		36B1B3832904102300C91825 /* DetailBookstoreView.swift */ = {isa = PBXFileReference; lastKnownFileType = sourcecode.swift; path = DetailBookstoreView.swift; sourceTree = "<group>"; };
		36BD7D63290404C200CBC879 /* UILabel+.swift */ = {isa = PBXFileReference; lastKnownFileType = sourcecode.swift; path = "UILabel+.swift"; sourceTree = "<group>"; };
		6EE5E39728FD313C00EA7413 /* Kindy.app */ = {isa = PBXFileReference; explicitFileType = wrapper.application; includeInIndex = 0; path = Kindy.app; sourceTree = BUILT_PRODUCTS_DIR; };
		6EE5E39A28FD313C00EA7413 /* AppDelegate.swift */ = {isa = PBXFileReference; lastKnownFileType = sourcecode.swift; path = AppDelegate.swift; sourceTree = "<group>"; };
		6EE5E39C28FD313C00EA7413 /* SceneDelegate.swift */ = {isa = PBXFileReference; lastKnownFileType = sourcecode.swift; path = SceneDelegate.swift; sourceTree = "<group>"; };
		6EE5E39E28FD313C00EA7413 /* HomeViewController.swift */ = {isa = PBXFileReference; lastKnownFileType = sourcecode.swift; path = HomeViewController.swift; sourceTree = "<group>"; };
		6EE5E3A128FD313C00EA7413 /* Base */ = {isa = PBXFileReference; lastKnownFileType = file.storyboard; name = Base; path = Base.lproj/Main.storyboard; sourceTree = "<group>"; };
		6EE5E3A328FD313D00EA7413 /* Assets.xcassets */ = {isa = PBXFileReference; lastKnownFileType = folder.assetcatalog; path = Assets.xcassets; sourceTree = "<group>"; };
		6EE5E3A628FD313D00EA7413 /* Base */ = {isa = PBXFileReference; lastKnownFileType = file.storyboard; name = Base; path = Base.lproj/LaunchScreen.storyboard; sourceTree = "<group>"; };
		6EE5E3A828FD313D00EA7413 /* Info.plist */ = {isa = PBXFileReference; lastKnownFileType = text.plist.xml; path = Info.plist; sourceTree = "<group>"; };
		6EE5E3AE28FD318A00EA7413 /* MyPageViewController.swift */ = {isa = PBXFileReference; lastKnownFileType = sourcecode.swift; path = MyPageViewController.swift; sourceTree = "<group>"; };
		6EE5E3EE28FECECE00EA7413 /* CurationHeader.swift */ = {isa = PBXFileReference; lastKnownFileType = sourcecode.swift; path = CurationHeader.swift; sourceTree = "<group>"; };
		6EE5E3F028FECEE900EA7413 /* CurationViewController.swift */ = {isa = PBXFileReference; lastKnownFileType = sourcecode.swift; path = CurationViewController.swift; sourceTree = "<group>"; };
		6EE5E3F328FECF1300EA7413 /* CurationHeaderView.swift */ = {isa = PBXFileReference; lastKnownFileType = sourcecode.swift; path = CurationHeaderView.swift; sourceTree = "<group>"; };
		6EE5E3F528FECF4200EA7413 /* CurationDetail.swift */ = {isa = PBXFileReference; lastKnownFileType = sourcecode.swift; path = CurationDetail.swift; sourceTree = "<group>"; };
		6EE5E3F728FECFA300EA7413 /* CurationDetailCell.swift */ = {isa = PBXFileReference; lastKnownFileType = sourcecode.swift; path = CurationDetailCell.swift; sourceTree = "<group>"; };
		6EE5E41F29027F5D00EA7413 /* NSObject+.swift */ = {isa = PBXFileReference; lastKnownFileType = sourcecode.swift; path = "NSObject+.swift"; sourceTree = "<group>"; };
		6EE5E4212902A8D300EA7413 /* CurationLayout.swift */ = {isa = PBXFileReference; lastKnownFileType = sourcecode.swift; path = CurationLayout.swift; sourceTree = "<group>"; };
		6EE5E42529055A7700EA7413 /* TestCurationCell.swift */ = {isa = PBXFileReference; lastKnownFileType = sourcecode.swift; path = TestCurationCell.swift; sourceTree = "<group>"; };
		6EE5E4272905661E00EA7413 /* UIViewController+.swift */ = {isa = PBXFileReference; lastKnownFileType = sourcecode.swift; path = "UIViewController+.swift"; sourceTree = "<group>"; };
		77DCB149290297C100EAB5D5 /* NearbyCell.swift */ = {isa = PBXFileReference; lastKnownFileType = sourcecode.swift; path = NearbyCell.swift; sourceTree = "<group>"; };
		77DCB14C2902982700EAB5D5 /* NearbyDummy.swift */ = {isa = PBXFileReference; lastKnownFileType = sourcecode.swift; path = NearbyDummy.swift; sourceTree = "<group>"; };
		77DCB14F2902987700EAB5D5 /* NearbyViewController.swift */ = {isa = PBXFileReference; lastKnownFileType = sourcecode.swift; path = NearbyViewController.swift; sourceTree = "<group>"; };
		77DCB15129029CF500EAB5D5 /* UITableView+.swift */ = {isa = PBXFileReference; lastKnownFileType = sourcecode.swift; path = "UITableView+.swift"; sourceTree = "<group>"; };
		77DCB15329029D1F00EAB5D5 /* UIButton+.swift */ = {isa = PBXFileReference; lastKnownFileType = sourcecode.swift; path = "UIButton+.swift"; sourceTree = "<group>"; };
		77DCB1602904457600EAB5D5 /* RegionViewController.swift */ = {isa = PBXFileReference; lastKnownFileType = sourcecode.swift; path = RegionViewController.swift; sourceTree = "<group>"; };
		77DCB1622904462300EAB5D5 /* RegionCell.swift */ = {isa = PBXFileReference; lastKnownFileType = sourcecode.swift; path = RegionCell.swift; sourceTree = "<group>"; };
		77DCB1652904467B00EAB5D5 /* RegionHeaderView.swift */ = {isa = PBXFileReference; lastKnownFileType = sourcecode.swift; path = RegionHeaderView.swift; sourceTree = "<group>"; };
		77DCB1672905397E00EAB5D5 /* HomeSearchViewController.swift */ = {isa = PBXFileReference; lastKnownFileType = sourcecode.swift; path = HomeSearchViewController.swift; sourceTree = "<group>"; };
		77DCB16929053B9900EAB5D5 /* HomeSearchCell.swift */ = {isa = PBXFileReference; lastKnownFileType = sourcecode.swift; path = HomeSearchCell.swift; sourceTree = "<group>"; };
		7B404C1228FE889200A24C89 /* UIColor+.swift */ = {isa = PBXFileReference; lastKnownFileType = sourcecode.swift; path = "UIColor+.swift"; sourceTree = "<group>"; };
		7B404C1428FE88BD00A24C89 /* ResourcesFile.swift */ = {isa = PBXFileReference; lastKnownFileType = sourcecode.swift; path = ResourcesFile.swift; sourceTree = "<group>"; };
		7B404C1A28FE89BA00A24C89 /* Bookstore.swift */ = {isa = PBXFileReference; lastKnownFileType = sourcecode.swift; path = Bookstore.swift; sourceTree = "<group>"; };
		7B404C1C28FE8E3000A24C89 /* Region.swift */ = {isa = PBXFileReference; lastKnownFileType = sourcecode.swift; path = Region.swift; sourceTree = "<group>"; };
		7B404C1E28FE90B700A24C89 /* Item.swift */ = {isa = PBXFileReference; lastKnownFileType = sourcecode.swift; path = Item.swift; sourceTree = "<group>"; };
		7B404C2028FFAA7900A24C89 /* TempCuration.swift */ = {isa = PBXFileReference; lastKnownFileType = sourcecode.swift; path = TempCuration.swift; sourceTree = "<group>"; };
		7B404C2228FFD26100A24C89 /* MainCurationCollectionViewCell.swift */ = {isa = PBXFileReference; lastKnownFileType = sourcecode.swift; path = MainCurationCollectionViewCell.swift; sourceTree = "<group>"; };
		7B404C2428FFD33500A24C89 /* CurationCollectionViewCell.swift */ = {isa = PBXFileReference; lastKnownFileType = sourcecode.swift; path = CurationCollectionViewCell.swift; sourceTree = "<group>"; };
		7B404C2628FFD36E00A24C89 /* NearByBookstoreCollectionViewCell.swift */ = {isa = PBXFileReference; lastKnownFileType = sourcecode.swift; path = NearByBookstoreCollectionViewCell.swift; sourceTree = "<group>"; };
		7B404C2828FFD3B000A24C89 /* BookmarkedCollectionViewCell.swift */ = {isa = PBXFileReference; lastKnownFileType = sourcecode.swift; path = BookmarkedCollectionViewCell.swift; sourceTree = "<group>"; };
		7B404C2A28FFD3CF00A24C89 /* RegionCollectionViewCell.swift */ = {isa = PBXFileReference; lastKnownFileType = sourcecode.swift; path = RegionCollectionViewCell.swift; sourceTree = "<group>"; };
		7B404C2E29016CAF00A24C89 /* SectionHeaderView.swift */ = {isa = PBXFileReference; lastKnownFileType = sourcecode.swift; path = SectionHeaderView.swift; sourceTree = "<group>"; };
		7B404C3029017C7300A24C89 /* SectionHeaderDelegate.swift */ = {isa = PBXFileReference; lastKnownFileType = sourcecode.swift; path = SectionHeaderDelegate.swift; sourceTree = "<group>"; };
		7BD11B992907B6A90013285B /* GoogleService-Info.plist */ = {isa = PBXFileReference; fileEncoding = 4; lastKnownFileType = text.plist.xml; path = "GoogleService-Info.plist"; sourceTree = "<group>"; };
		7BDAE69C290504A900BC41E9 /* EmptyBookmarkCollectionViewCell.swift */ = {isa = PBXFileReference; lastKnownFileType = sourcecode.swift; path = EmptyBookmarkCollectionViewCell.swift; sourceTree = "<group>"; };
		7BDAE69E2905107900BC41E9 /* EmptyNearbyCollectionViewCell.swift */ = {isa = PBXFileReference; lastKnownFileType = sourcecode.swift; path = EmptyNearbyCollectionViewCell.swift; sourceTree = "<group>"; };
/* End PBXFileReference section */

/* Begin PBXFrameworksBuildPhase section */
		6EE5E39428FD313C00EA7413 /* Frameworks */ = {
			isa = PBXFrameworksBuildPhase;
			buildActionMask = 2147483647;
			files = (
				7B9D70C0290799AB0004AAD6 /* FirebaseAnalytics in Frameworks */,
				7B9D70C2290799AB0004AAD6 /* FirebaseAuth in Frameworks */,
				7B9D70C4290799AB0004AAD6 /* FirebaseFirestore in Frameworks */,
				7B9D70C8290799AB0004AAD6 /* FirebaseStorage in Frameworks */,
				7B9D70C6290799AB0004AAD6 /* FirebaseFirestoreSwift in Frameworks */,
			);
			runOnlyForDeploymentPostprocessing = 0;
		};
/* End PBXFrameworksBuildPhase section */

/* Begin PBXGroup section */
		31F7DD612904EACE007E6E99 /* Bookmark */ = {
			isa = PBXGroup;
			children = (
				31F7DD622904EAE9007E6E99 /* BookmarkCollectionViewCell.swift */,
				31F7DD642904EB0C007E6E99 /* ImageCarouselCollectionViewCell.swift */,
			);
			path = Bookmark;
			sourceTree = "<group>";
		};
		6EE5E38E28FD313C00EA7413 = {
			isa = PBXGroup;
			children = (
				6EE5E39928FD313C00EA7413 /* Kindy */,
				6EE5E39828FD313C00EA7413 /* Products */,
			);
			sourceTree = "<group>";
		};
		6EE5E39828FD313C00EA7413 /* Products */ = {
			isa = PBXGroup;
			children = (
				6EE5E39728FD313C00EA7413 /* Kindy.app */,
			);
			name = Products;
			sourceTree = "<group>";
		};
		6EE5E39928FD313C00EA7413 /* Kindy */ = {
			isa = PBXGroup;
			children = (
				6EE5E39A28FD313C00EA7413 /* AppDelegate.swift */,
				6EE5E39C28FD313C00EA7413 /* SceneDelegate.swift */,
				6EE5E3A328FD313D00EA7413 /* Assets.xcassets */,
				6EE5E3A528FD313D00EA7413 /* LaunchScreen.storyboard */,
				6EE5E3A028FD313C00EA7413 /* Main.storyboard */,
				6EE5E3A828FD313D00EA7413 /* Info.plist */,
				7BD11B992907B6A90013285B /* GoogleService-Info.plist */,
				7B404C0D28FE87EA00A24C89 /* Models */,
				7B404C0C28FE87DF00A24C89 /* Views */,
				7B404C0B28FE87D300A24C89 /* View Controllers */,
				7B404C0F28FE882D00A24C89 /* Protocols */,
				7B404C1028FE883900A24C89 /* Extensions */,
				7B404C1128FE884800A24C89 /* Resources */,
			);
			path = Kindy;
			sourceTree = "<group>";
		};
		6EE5E3ED28FECEC000EA7413 /* Curation */ = {
			isa = PBXGroup;
			children = (
				6EE5E3EE28FECECE00EA7413 /* CurationHeader.swift */,
				6EE5E3F528FECF4200EA7413 /* CurationDetail.swift */,
			);
			path = Curation;
			sourceTree = "<group>";
		};
		6EE5E3F228FECEF700EA7413 /* Curation */ = {
			isa = PBXGroup;
			children = (
				6EE5E3F328FECF1300EA7413 /* CurationHeaderView.swift */,
				6EE5E3F728FECFA300EA7413 /* CurationDetailCell.swift */,
				6EE5E4212902A8D300EA7413 /* CurationLayout.swift */,
				6EE5E42529055A7700EA7413 /* TestCurationCell.swift */,
			);
			path = Curation;
			sourceTree = "<group>";
		};
		77DCB14B290297F100EAB5D5 /* Nearby */ = {
			isa = PBXGroup;
			children = (
				77DCB149290297C100EAB5D5 /* NearbyCell.swift */,
			);
			path = Nearby;
			sourceTree = "<group>";
		};
		77DCB14E2902983100EAB5D5 /* Nearby */ = {
			isa = PBXGroup;
			children = (
				77DCB14C2902982700EAB5D5 /* NearbyDummy.swift */,
			);
			path = Nearby;
			sourceTree = "<group>";
		};
		77DCB1642904462D00EAB5D5 /* Region */ = {
			isa = PBXGroup;
			children = (
				77DCB1622904462300EAB5D5 /* RegionCell.swift */,
				77DCB1652904467B00EAB5D5 /* RegionHeaderView.swift */,
			);
			path = Region;
			sourceTree = "<group>";
		};
		77DCB16B29053B9D00EAB5D5 /* HomeSearch */ = {
			isa = PBXGroup;
			children = (
				77DCB16929053B9900EAB5D5 /* HomeSearchCell.swift */,
			);
			path = HomeSearch;
			sourceTree = "<group>";
		};
		7B404C0B28FE87D300A24C89 /* View Controllers */ = {
			isa = PBXGroup;
			children = (
				6EE5E39E28FD313C00EA7413 /* HomeViewController.swift */,
				77DCB1672905397E00EAB5D5 /* HomeSearchViewController.swift */,
				6EE5E3AE28FD318A00EA7413 /* MyPageViewController.swift */,
				6EE5E3F028FECEE900EA7413 /* CurationViewController.swift */,
				361D54CE2901CABB00ACA11E /* DetailBookstoreViewController.swift */,
				77DCB14F2902987700EAB5D5 /* NearbyViewController.swift */,
				77DCB1602904457600EAB5D5 /* RegionViewController.swift */,
				31F7DD5F2904EAC6007E6E99 /* BookmarkViewController.swift */,
			);
			path = "View Controllers";
			sourceTree = "<group>";
		};
		7B404C0C28FE87DF00A24C89 /* Views */ = {
			isa = PBXGroup;
			children = (
				31F7DD612904EACE007E6E99 /* Bookmark */,
				36B1B3832904102300C91825 /* DetailBookstoreView.swift */,
				7B404C2D29016C7500A24C89 /* Supplementary */,
				7B404C2C29016BDF00A24C89 /* Home */,
				77DCB16B29053B9D00EAB5D5 /* HomeSearch */,
				77DCB14B290297F100EAB5D5 /* Nearby */,
				6EE5E3F228FECEF700EA7413 /* Curation */,
				77DCB1642904462D00EAB5D5 /* Region */,
			);
			path = Views;
			sourceTree = "<group>";
		};
		7B404C0D28FE87EA00A24C89 /* Models */ = {
			isa = PBXGroup;
			children = (
				77DCB14E2902983100EAB5D5 /* Nearby */,
				6EE5E3ED28FECEC000EA7413 /* Curation */,
				7B404C2028FFAA7900A24C89 /* TempCuration.swift */,
				7B404C1A28FE89BA00A24C89 /* Bookstore.swift */,
				7B404C1C28FE8E3000A24C89 /* Region.swift */,
				7B404C1E28FE90B700A24C89 /* Item.swift */,
			);
			path = Models;
			sourceTree = "<group>";
		};
		7B404C0F28FE882D00A24C89 /* Protocols */ = {
			isa = PBXGroup;
			children = (
				7B404C3029017C7300A24C89 /* SectionHeaderDelegate.swift */,
				31F7DD6829058A4C007E6E99 /* BookmarkDelegate.swift */,
			);
			path = Protocols;
			sourceTree = "<group>";
		};
		7B404C1028FE883900A24C89 /* Extensions */ = {
			isa = PBXGroup;
			children = (
				7B404C1228FE889200A24C89 /* UIColor+.swift */,
				6EE5E41F29027F5D00EA7413 /* NSObject+.swift */,
				6EE5E4272905661E00EA7413 /* UIViewController+.swift */,
				36BD7D63290404C200CBC879 /* UILabel+.swift */,
				77DCB15129029CF500EAB5D5 /* UITableView+.swift */,
				77DCB15329029D1F00EAB5D5 /* UIButton+.swift */,
			);
			path = Extensions;
			sourceTree = "<group>";
		};
		7B404C1128FE884800A24C89 /* Resources */ = {
			isa = PBXGroup;
			children = (
				7B404C1428FE88BD00A24C89 /* ResourcesFile.swift */,
			);
			path = Resources;
			sourceTree = "<group>";
		};
		7B404C2C29016BDF00A24C89 /* Home */ = {
			isa = PBXGroup;
			children = (
				7B404C2228FFD26100A24C89 /* MainCurationCollectionViewCell.swift */,
				7B404C2428FFD33500A24C89 /* CurationCollectionViewCell.swift */,
				7B404C2628FFD36E00A24C89 /* NearByBookstoreCollectionViewCell.swift */,
				7B404C2828FFD3B000A24C89 /* BookmarkedCollectionViewCell.swift */,
				7B404C2A28FFD3CF00A24C89 /* RegionCollectionViewCell.swift */,
				7BDAE69E2905107900BC41E9 /* EmptyNearbyCollectionViewCell.swift */,
				7BDAE69C290504A900BC41E9 /* EmptyBookmarkCollectionViewCell.swift */,
			);
			path = Home;
			sourceTree = "<group>";
		};
		7B404C2D29016C7500A24C89 /* Supplementary */ = {
			isa = PBXGroup;
			children = (
				7B404C2E29016CAF00A24C89 /* SectionHeaderView.swift */,
			);
			path = Supplementary;
			sourceTree = "<group>";
		};
/* End PBXGroup section */

/* Begin PBXNativeTarget section */
		6EE5E39628FD313C00EA7413 /* Kindy */ = {
			isa = PBXNativeTarget;
			buildConfigurationList = 6EE5E3AB28FD313D00EA7413 /* Build configuration list for PBXNativeTarget "Kindy" */;
			buildPhases = (
				6EE5E39328FD313C00EA7413 /* Sources */,
				6EE5E39428FD313C00EA7413 /* Frameworks */,
				6EE5E39528FD313C00EA7413 /* Resources */,
			);
			buildRules = (
			);
			dependencies = (
			);
			name = Kindy;
			packageProductDependencies = (
				7B9D70BF290799AB0004AAD6 /* FirebaseAnalytics */,
				7B9D70C1290799AB0004AAD6 /* FirebaseAuth */,
				7B9D70C3290799AB0004AAD6 /* FirebaseFirestore */,
				7B9D70C5290799AB0004AAD6 /* FirebaseFirestoreSwift */,
				7B9D70C7290799AB0004AAD6 /* FirebaseStorage */,
			);
			productName = Kindy;
			productReference = 6EE5E39728FD313C00EA7413 /* Kindy.app */;
			productType = "com.apple.product-type.application";
		};
/* End PBXNativeTarget section */

/* Begin PBXProject section */
		6EE5E38F28FD313C00EA7413 /* Project object */ = {
			isa = PBXProject;
			attributes = {
				BuildIndependentTargetsInParallel = 1;
				LastSwiftUpdateCheck = 1400;
				LastUpgradeCheck = 1400;
				TargetAttributes = {
					6EE5E39628FD313C00EA7413 = {
						CreatedOnToolsVersion = 14.0;
					};
				};
			};
			buildConfigurationList = 6EE5E39228FD313C00EA7413 /* Build configuration list for PBXProject "Kindy" */;
			compatibilityVersion = "Xcode 14.0";
			developmentRegion = en;
			hasScannedForEncodings = 0;
			knownRegions = (
				en,
				Base,
			);
			mainGroup = 6EE5E38E28FD313C00EA7413;
			packageReferences = (
				7B9D70BE290799AB0004AAD6 /* XCRemoteSwiftPackageReference "firebase-ios-sdk" */,
			);
			productRefGroup = 6EE5E39828FD313C00EA7413 /* Products */;
			projectDirPath = "";
			projectRoot = "";
			targets = (
				6EE5E39628FD313C00EA7413 /* Kindy */,
			);
		};
/* End PBXProject section */

/* Begin PBXResourcesBuildPhase section */
		6EE5E39528FD313C00EA7413 /* Resources */ = {
			isa = PBXResourcesBuildPhase;
			buildActionMask = 2147483647;
			files = (
				6EE5E3A728FD313D00EA7413 /* LaunchScreen.storyboard in Resources */,
				7BD11B9A2907B6A90013285B /* GoogleService-Info.plist in Resources */,
				6EE5E3A428FD313D00EA7413 /* Assets.xcassets in Resources */,
				6EE5E3A228FD313C00EA7413 /* Main.storyboard in Resources */,
			);
			runOnlyForDeploymentPostprocessing = 0;
		};
/* End PBXResourcesBuildPhase section */

/* Begin PBXSourcesBuildPhase section */
		6EE5E39328FD313C00EA7413 /* Sources */ = {
			isa = PBXSourcesBuildPhase;
			buildActionMask = 2147483647;
			files = (
				6EE5E42629055A7700EA7413 /* TestCurationCell.swift in Sources */,
				361D54CF2901CABB00ACA11E /* DetailBookstoreViewController.swift in Sources */,
				7B404C2128FFAA7900A24C89 /* TempCuration.swift in Sources */,
				6EE5E39F28FD313C00EA7413 /* HomeViewController.swift in Sources */,
				31F7DD652904EB0C007E6E99 /* ImageCarouselCollectionViewCell.swift in Sources */,
				7B404C2928FFD3B000A24C89 /* BookmarkedCollectionViewCell.swift in Sources */,
				7B404C1528FE88BD00A24C89 /* ResourcesFile.swift in Sources */,
				6EE5E4222902A8D300EA7413 /* CurationLayout.swift in Sources */,
				6EE5E3F428FECF1300EA7413 /* CurationHeaderView.swift in Sources */,
				7B404C1B28FE89BA00A24C89 /* Bookstore.swift in Sources */,
				7BDAE69F2905107900BC41E9 /* EmptyNearbyCollectionViewCell.swift in Sources */,
				7B404C2B28FFD3CF00A24C89 /* RegionCollectionViewCell.swift in Sources */,
				7B404C1B28FE89BA00A24C89 /* Bookstore.swift in Sources */,
				77DCB1682905397E00EAB5D5 /* HomeSearchViewController.swift in Sources */,
				7B404C2528FFD33500A24C89 /* CurationCollectionViewCell.swift in Sources */,
				6EE5E3F428FECF1300EA7413 /* CurationHeaderView.swift in Sources */,
				7B404C1B28FE89BA00A24C89 /* Bookstore.swift in Sources */,
				7B404C1D28FE8E3000A24C89 /* Region.swift in Sources */,
				36B1B3842904102300C91825 /* DetailBookstoreView.swift in Sources */,
				77DCB14D2902982700EAB5D5 /* NearbyDummy.swift in Sources */,
				77DCB1502902987700EAB5D5 /* NearbyViewController.swift in Sources */,
				7BDAE69D290504A900BC41E9 /* EmptyBookmarkCollectionViewCell.swift in Sources */,
				7B404C1B28FE89BA00A24C89 /* Bookstore.swift in Sources */,
				7B404C1D28FE8E3000A24C89 /* Region.swift in Sources */,
				7B404C2328FFD26100A24C89 /* MainCurationCollectionViewCell.swift in Sources */,
				7B404C2728FFD36E00A24C89 /* NearByBookstoreCollectionViewCell.swift in Sources */,
				6EE5E39B28FD313C00EA7413 /* AppDelegate.swift in Sources */,
				7B404C1F28FE90B700A24C89 /* Item.swift in Sources */,
				6EE5E39D28FD313C00EA7413 /* SceneDelegate.swift in Sources */,
				6EE5E3F628FECF4200EA7413 /* CurationDetail.swift in Sources */,
				6EE5E42029027F5D00EA7413 /* NSObject+.swift in Sources */,
				36BD7D64290404C200CBC879 /* UILabel+.swift in Sources */,
				77DCB15429029D1F00EAB5D5 /* UIButton+.swift in Sources */,
				6EE5E3F628FECF4200EA7413 /* CurationDetail.swift in Sources */,
				77DCB1612904457600EAB5D5 /* RegionViewController.swift in Sources */,
				31F7DD6929058A4C007E6E99 /* BookmarkDelegate.swift in Sources */,
				77DCB14A290297C100EAB5D5 /* NearbyCell.swift in Sources */,
				31F7DD602904EAC6007E6E99 /* BookmarkViewController.swift in Sources */,
				7B404C3129017C7300A24C89 /* SectionHeaderDelegate.swift in Sources */,
				6EE5E4282905661E00EA7413 /* UIViewController+.swift in Sources */,
				6EE5E3F828FECFA300EA7413 /* CurationDetailCell.swift in Sources */,
				7B404C2F29016CAF00A24C89 /* SectionHeaderView.swift in Sources */,
				77DCB1662904467B00EAB5D5 /* RegionHeaderView.swift in Sources */,
				6EE5E3AF28FD318A00EA7413 /* MyPageViewController.swift in Sources */,
				77DCB16A29053B9900EAB5D5 /* HomeSearchCell.swift in Sources */,
				7B404C1328FE889200A24C89 /* UIColor+.swift in Sources */,
				6EE5E3EF28FECECE00EA7413 /* CurationHeader.swift in Sources */,
				6EE5E3F128FECEE900EA7413 /* CurationViewController.swift in Sources */,
				77DCB1632904462300EAB5D5 /* RegionCell.swift in Sources */,
				31F7DD632904EAE9007E6E99 /* BookmarkCollectionViewCell.swift in Sources */,
				77DCB15229029CF500EAB5D5 /* UITableView+.swift in Sources */,
			);
			runOnlyForDeploymentPostprocessing = 0;
		};
/* End PBXSourcesBuildPhase section */

/* Begin PBXVariantGroup section */
		6EE5E3A028FD313C00EA7413 /* Main.storyboard */ = {
			isa = PBXVariantGroup;
			children = (
				6EE5E3A128FD313C00EA7413 /* Base */,
			);
			name = Main.storyboard;
			sourceTree = "<group>";
		};
		6EE5E3A528FD313D00EA7413 /* LaunchScreen.storyboard */ = {
			isa = PBXVariantGroup;
			children = (
				6EE5E3A628FD313D00EA7413 /* Base */,
			);
			name = LaunchScreen.storyboard;
			sourceTree = "<group>";
		};
/* End PBXVariantGroup section */

/* Begin XCBuildConfiguration section */
		6EE5E3A928FD313D00EA7413 /* Debug */ = {
			isa = XCBuildConfiguration;
			buildSettings = {
				ALWAYS_SEARCH_USER_PATHS = NO;
				CLANG_ANALYZER_NONNULL = YES;
				CLANG_ANALYZER_NUMBER_OBJECT_CONVERSION = YES_AGGRESSIVE;
				CLANG_CXX_LANGUAGE_STANDARD = "gnu++20";
				CLANG_ENABLE_MODULES = YES;
				CLANG_ENABLE_OBJC_ARC = YES;
				CLANG_ENABLE_OBJC_WEAK = YES;
				CLANG_WARN_BLOCK_CAPTURE_AUTORELEASING = YES;
				CLANG_WARN_BOOL_CONVERSION = YES;
				CLANG_WARN_COMMA = YES;
				CLANG_WARN_CONSTANT_CONVERSION = YES;
				CLANG_WARN_DEPRECATED_OBJC_IMPLEMENTATIONS = YES;
				CLANG_WARN_DIRECT_OBJC_ISA_USAGE = YES_ERROR;
				CLANG_WARN_DOCUMENTATION_COMMENTS = YES;
				CLANG_WARN_EMPTY_BODY = YES;
				CLANG_WARN_ENUM_CONVERSION = YES;
				CLANG_WARN_INFINITE_RECURSION = YES;
				CLANG_WARN_INT_CONVERSION = YES;
				CLANG_WARN_NON_LITERAL_NULL_CONVERSION = YES;
				CLANG_WARN_OBJC_IMPLICIT_RETAIN_SELF = YES;
				CLANG_WARN_OBJC_LITERAL_CONVERSION = YES;
				CLANG_WARN_OBJC_ROOT_CLASS = YES_ERROR;
				CLANG_WARN_QUOTED_INCLUDE_IN_FRAMEWORK_HEADER = YES;
				CLANG_WARN_RANGE_LOOP_ANALYSIS = YES;
				CLANG_WARN_STRICT_PROTOTYPES = YES;
				CLANG_WARN_SUSPICIOUS_MOVE = YES;
				CLANG_WARN_UNGUARDED_AVAILABILITY = YES_AGGRESSIVE;
				CLANG_WARN_UNREACHABLE_CODE = YES;
				CLANG_WARN__DUPLICATE_METHOD_MATCH = YES;
				COPY_PHASE_STRIP = NO;
				DEBUG_INFORMATION_FORMAT = dwarf;
				ENABLE_STRICT_OBJC_MSGSEND = YES;
				ENABLE_TESTABILITY = YES;
				GCC_C_LANGUAGE_STANDARD = gnu11;
				GCC_DYNAMIC_NO_PIC = NO;
				GCC_NO_COMMON_BLOCKS = YES;
				GCC_OPTIMIZATION_LEVEL = 0;
				GCC_PREPROCESSOR_DEFINITIONS = (
					"DEBUG=1",
					"$(inherited)",
				);
				GCC_WARN_64_TO_32_BIT_CONVERSION = YES;
				GCC_WARN_ABOUT_RETURN_TYPE = YES_ERROR;
				GCC_WARN_UNDECLARED_SELECTOR = YES;
				GCC_WARN_UNINITIALIZED_AUTOS = YES_AGGRESSIVE;
				GCC_WARN_UNUSED_FUNCTION = YES;
				GCC_WARN_UNUSED_VARIABLE = YES;
				IPHONEOS_DEPLOYMENT_TARGET = 16.0;
				MTL_ENABLE_DEBUG_INFO = INCLUDE_SOURCE;
				MTL_FAST_MATH = YES;
				ONLY_ACTIVE_ARCH = YES;
				SDKROOT = iphoneos;
				SWIFT_ACTIVE_COMPILATION_CONDITIONS = DEBUG;
				SWIFT_OPTIMIZATION_LEVEL = "-Onone";
			};
			name = Debug;
		};
		6EE5E3AA28FD313D00EA7413 /* Release */ = {
			isa = XCBuildConfiguration;
			buildSettings = {
				ALWAYS_SEARCH_USER_PATHS = NO;
				CLANG_ANALYZER_NONNULL = YES;
				CLANG_ANALYZER_NUMBER_OBJECT_CONVERSION = YES_AGGRESSIVE;
				CLANG_CXX_LANGUAGE_STANDARD = "gnu++20";
				CLANG_ENABLE_MODULES = YES;
				CLANG_ENABLE_OBJC_ARC = YES;
				CLANG_ENABLE_OBJC_WEAK = YES;
				CLANG_WARN_BLOCK_CAPTURE_AUTORELEASING = YES;
				CLANG_WARN_BOOL_CONVERSION = YES;
				CLANG_WARN_COMMA = YES;
				CLANG_WARN_CONSTANT_CONVERSION = YES;
				CLANG_WARN_DEPRECATED_OBJC_IMPLEMENTATIONS = YES;
				CLANG_WARN_DIRECT_OBJC_ISA_USAGE = YES_ERROR;
				CLANG_WARN_DOCUMENTATION_COMMENTS = YES;
				CLANG_WARN_EMPTY_BODY = YES;
				CLANG_WARN_ENUM_CONVERSION = YES;
				CLANG_WARN_INFINITE_RECURSION = YES;
				CLANG_WARN_INT_CONVERSION = YES;
				CLANG_WARN_NON_LITERAL_NULL_CONVERSION = YES;
				CLANG_WARN_OBJC_IMPLICIT_RETAIN_SELF = YES;
				CLANG_WARN_OBJC_LITERAL_CONVERSION = YES;
				CLANG_WARN_OBJC_ROOT_CLASS = YES_ERROR;
				CLANG_WARN_QUOTED_INCLUDE_IN_FRAMEWORK_HEADER = YES;
				CLANG_WARN_RANGE_LOOP_ANALYSIS = YES;
				CLANG_WARN_STRICT_PROTOTYPES = YES;
				CLANG_WARN_SUSPICIOUS_MOVE = YES;
				CLANG_WARN_UNGUARDED_AVAILABILITY = YES_AGGRESSIVE;
				CLANG_WARN_UNREACHABLE_CODE = YES;
				CLANG_WARN__DUPLICATE_METHOD_MATCH = YES;
				COPY_PHASE_STRIP = NO;
				DEBUG_INFORMATION_FORMAT = "dwarf-with-dsym";
				ENABLE_NS_ASSERTIONS = NO;
				ENABLE_STRICT_OBJC_MSGSEND = YES;
				GCC_C_LANGUAGE_STANDARD = gnu11;
				GCC_NO_COMMON_BLOCKS = YES;
				GCC_WARN_64_TO_32_BIT_CONVERSION = YES;
				GCC_WARN_ABOUT_RETURN_TYPE = YES_ERROR;
				GCC_WARN_UNDECLARED_SELECTOR = YES;
				GCC_WARN_UNINITIALIZED_AUTOS = YES_AGGRESSIVE;
				GCC_WARN_UNUSED_FUNCTION = YES;
				GCC_WARN_UNUSED_VARIABLE = YES;
				IPHONEOS_DEPLOYMENT_TARGET = 16.0;
				MTL_ENABLE_DEBUG_INFO = NO;
				MTL_FAST_MATH = YES;
				SDKROOT = iphoneos;
				SWIFT_COMPILATION_MODE = wholemodule;
				SWIFT_OPTIMIZATION_LEVEL = "-O";
				VALIDATE_PRODUCT = YES;
			};
			name = Release;
		};
		6EE5E3AC28FD313D00EA7413 /* Debug */ = {
			isa = XCBuildConfiguration;
			buildSettings = {
				ASSETCATALOG_COMPILER_APPICON_NAME = AppIcon;
				ASSETCATALOG_COMPILER_GLOBAL_ACCENT_COLOR_NAME = AccentColor;
				"CODE_SIGN_IDENTITY[sdk=iphoneos*]" = "iPhone Developer";
				CODE_SIGN_STYLE = Manual;
				CURRENT_PROJECT_VERSION = 1;
				DEVELOPMENT_TEAM = "";
				"DEVELOPMENT_TEAM[sdk=iphoneos*]" = RLD2Z6D224;
				GENERATE_INFOPLIST_FILE = YES;
				INFOPLIST_FILE = Kindy/Info.plist;
				INFOPLIST_KEY_UIApplicationSupportsIndirectInputEvents = YES;
				INFOPLIST_KEY_UILaunchStoryboardName = LaunchScreen;
				INFOPLIST_KEY_UIMainStoryboardFile = Main;
				INFOPLIST_KEY_UISupportedInterfaceOrientations_iPad = "UIInterfaceOrientationPortrait UIInterfaceOrientationPortraitUpsideDown UIInterfaceOrientationLandscapeLeft UIInterfaceOrientationLandscapeRight";
				INFOPLIST_KEY_UISupportedInterfaceOrientations_iPhone = "UIInterfaceOrientationPortrait UIInterfaceOrientationLandscapeLeft UIInterfaceOrientationLandscapeRight";
				LD_RUNPATH_SEARCH_PATHS = (
					"$(inherited)",
					"@executable_path/Frameworks",
				);
				MARKETING_VERSION = 1.0;
				PRODUCT_BUNDLE_IDENTIFIER = com.Kindy;
				PRODUCT_NAME = "$(TARGET_NAME)";
				PROVISIONING_PROFILE_SPECIFIER = "";
				"PROVISIONING_PROFILE_SPECIFIER[sdk=iphoneos*]" = dev_Sandals;
				SWIFT_EMIT_LOC_STRINGS = YES;
				SWIFT_VERSION = 5.0;
				TARGETED_DEVICE_FAMILY = "1,2";
			};
			name = Debug;
		};
		6EE5E3AD28FD313D00EA7413 /* Release */ = {
			isa = XCBuildConfiguration;
			buildSettings = {
				ASSETCATALOG_COMPILER_APPICON_NAME = AppIcon;
				ASSETCATALOG_COMPILER_GLOBAL_ACCENT_COLOR_NAME = AccentColor;
				"CODE_SIGN_IDENTITY[sdk=iphoneos*]" = "iPhone Distribution";
				CODE_SIGN_STYLE = Manual;
				CURRENT_PROJECT_VERSION = 1;
				DEVELOPMENT_TEAM = "";
				"DEVELOPMENT_TEAM[sdk=iphoneos*]" = RLD2Z6D224;
				GENERATE_INFOPLIST_FILE = YES;
				INFOPLIST_FILE = Kindy/Info.plist;
				INFOPLIST_KEY_UIApplicationSupportsIndirectInputEvents = YES;
				INFOPLIST_KEY_UILaunchStoryboardName = LaunchScreen;
				INFOPLIST_KEY_UIMainStoryboardFile = Main;
				INFOPLIST_KEY_UISupportedInterfaceOrientations_iPad = "UIInterfaceOrientationPortrait UIInterfaceOrientationPortraitUpsideDown UIInterfaceOrientationLandscapeLeft UIInterfaceOrientationLandscapeRight";
				INFOPLIST_KEY_UISupportedInterfaceOrientations_iPhone = "UIInterfaceOrientationPortrait UIInterfaceOrientationLandscapeLeft UIInterfaceOrientationLandscapeRight";
				LD_RUNPATH_SEARCH_PATHS = (
					"$(inherited)",
					"@executable_path/Frameworks",
				);
				MARKETING_VERSION = 1.0;
				PRODUCT_BUNDLE_IDENTIFIER = com.Kindy;
				PRODUCT_NAME = "$(TARGET_NAME)";
				PROVISIONING_PROFILE_SPECIFIER = "";
				"PROVISIONING_PROFILE_SPECIFIER[sdk=iphoneos*]" = adhoc_Sandals;
				SWIFT_EMIT_LOC_STRINGS = YES;
				SWIFT_VERSION = 5.0;
				TARGETED_DEVICE_FAMILY = "1,2";
			};
			name = Release;
		};
/* End XCBuildConfiguration section */

/* Begin XCConfigurationList section */
		6EE5E39228FD313C00EA7413 /* Build configuration list for PBXProject "Kindy" */ = {
			isa = XCConfigurationList;
			buildConfigurations = (
				6EE5E3A928FD313D00EA7413 /* Debug */,
				6EE5E3AA28FD313D00EA7413 /* Release */,
			);
			defaultConfigurationIsVisible = 0;
			defaultConfigurationName = Release;
		};
		6EE5E3AB28FD313D00EA7413 /* Build configuration list for PBXNativeTarget "Kindy" */ = {
			isa = XCConfigurationList;
			buildConfigurations = (
				6EE5E3AC28FD313D00EA7413 /* Debug */,
				6EE5E3AD28FD313D00EA7413 /* Release */,
			);
			defaultConfigurationIsVisible = 0;
			defaultConfigurationName = Release;
		};
/* End XCConfigurationList section */

/* Begin XCRemoteSwiftPackageReference section */
		7B9D70BE290799AB0004AAD6 /* XCRemoteSwiftPackageReference "firebase-ios-sdk" */ = {
			isa = XCRemoteSwiftPackageReference;
			repositoryURL = "https://github.com/firebase/firebase-ios-sdk";
			requirement = {
				kind = upToNextMajorVersion;
				minimumVersion = 9.0.0;
			};
		};
/* End XCRemoteSwiftPackageReference section */

/* Begin XCSwiftPackageProductDependency section */
		7B9D70BF290799AB0004AAD6 /* FirebaseAnalytics */ = {
			isa = XCSwiftPackageProductDependency;
			package = 7B9D70BE290799AB0004AAD6 /* XCRemoteSwiftPackageReference "firebase-ios-sdk" */;
			productName = FirebaseAnalytics;
		};
		7B9D70C1290799AB0004AAD6 /* FirebaseAuth */ = {
			isa = XCSwiftPackageProductDependency;
			package = 7B9D70BE290799AB0004AAD6 /* XCRemoteSwiftPackageReference "firebase-ios-sdk" */;
			productName = FirebaseAuth;
		};
		7B9D70C3290799AB0004AAD6 /* FirebaseFirestore */ = {
			isa = XCSwiftPackageProductDependency;
			package = 7B9D70BE290799AB0004AAD6 /* XCRemoteSwiftPackageReference "firebase-ios-sdk" */;
			productName = FirebaseFirestore;
		};
		7B9D70C5290799AB0004AAD6 /* FirebaseFirestoreSwift */ = {
			isa = XCSwiftPackageProductDependency;
			package = 7B9D70BE290799AB0004AAD6 /* XCRemoteSwiftPackageReference "firebase-ios-sdk" */;
			productName = FirebaseFirestoreSwift;
		};
		7B9D70C7290799AB0004AAD6 /* FirebaseStorage */ = {
			isa = XCSwiftPackageProductDependency;
			package = 7B9D70BE290799AB0004AAD6 /* XCRemoteSwiftPackageReference "firebase-ios-sdk" */;
			productName = FirebaseStorage;
		};
/* End XCSwiftPackageProductDependency section */
	};
	rootObject = 6EE5E38F28FD313C00EA7413 /* Project object */;
}
