// !$*UTF8*$!
{
	archiveVersion = 1;
	classes = {
	};
	objectVersion = 56;
	objects = {

/* Begin PBXBuildFile section */
		6EC2BEE328FBF4E500A60666 /* AppDelegate.swift in Sources */ = {isa = PBXBuildFile; fileRef = 6EC2BEE228FBF4E500A60666 /* AppDelegate.swift */; };
		6EC2BEE528FBF4E500A60666 /* SceneDelegate.swift in Sources */ = {isa = PBXBuildFile; fileRef = 6EC2BEE428FBF4E500A60666 /* SceneDelegate.swift */; };
		6EC2BEE728FBF4E500A60666 /* HomeViewController.swift in Sources */ = {isa = PBXBuildFile; fileRef = 6EC2BEE628FBF4E500A60666 /* HomeViewController.swift */; };
		6EC2BEEA28FBF4E500A60666 /* Main.storyboard in Resources */ = {isa = PBXBuildFile; fileRef = 6EC2BEE828FBF4E500A60666 /* Main.storyboard */; };
		6EC2BEED28FBF4E500A60666 /* Sandals.xcdatamodeld in Sources */ = {isa = PBXBuildFile; fileRef = 6EC2BEEB28FBF4E500A60666 /* Sandals.xcdatamodeld */; };
		6EC2BEEF28FBF4E600A60666 /* Assets.xcassets in Resources */ = {isa = PBXBuildFile; fileRef = 6EC2BEEE28FBF4E600A60666 /* Assets.xcassets */; };
		6EC2BEF228FBF4E600A60666 /* LaunchScreen.storyboard in Resources */ = {isa = PBXBuildFile; fileRef = 6EC2BEF028FBF4E600A60666 /* LaunchScreen.storyboard */; };
		6EC2BEFD28FBF4E600A60666 /* SandalsTests.swift in Sources */ = {isa = PBXBuildFile; fileRef = 6EC2BEFC28FBF4E600A60666 /* SandalsTests.swift */; };
		6EC2BF0728FBF4E600A60666 /* SandalsUITests.swift in Sources */ = {isa = PBXBuildFile; fileRef = 6EC2BF0628FBF4E600A60666 /* SandalsUITests.swift */; };
		6EC2BF0928FBF4E600A60666 /* SandalsUITestsLaunchTests.swift in Sources */ = {isa = PBXBuildFile; fileRef = 6EC2BF0828FBF4E600A60666 /* SandalsUITestsLaunchTests.swift */; };
		6EC2BF1728FBFAC100A60666 /* FirebaseAnalytics in Frameworks */ = {isa = PBXBuildFile; productRef = 6EC2BF1628FBFAC100A60666 /* FirebaseAnalytics */; };
		6EC2BF1928FBFAC100A60666 /* FirebaseAppCheck in Frameworks */ = {isa = PBXBuildFile; productRef = 6EC2BF1828FBFAC100A60666 /* FirebaseAppCheck */; };
		6EC2BF1B28FBFAC100A60666 /* FirebaseAppDistribution-Beta in Frameworks */ = {isa = PBXBuildFile; productRef = 6EC2BF1A28FBFAC100A60666 /* FirebaseAppDistribution-Beta */; };
		6EC2BF1D28FBFAC100A60666 /* FirebaseAuth in Frameworks */ = {isa = PBXBuildFile; productRef = 6EC2BF1C28FBFAC100A60666 /* FirebaseAuth */; };
		6EC2BF1F28FBFAC100A60666 /* FirebaseCrashlytics in Frameworks */ = {isa = PBXBuildFile; productRef = 6EC2BF1E28FBFAC100A60666 /* FirebaseCrashlytics */; };
		6EC2BF2128FBFAC100A60666 /* FirebaseDatabase in Frameworks */ = {isa = PBXBuildFile; productRef = 6EC2BF2028FBFAC100A60666 /* FirebaseDatabase */; };
		6EC2BF2328FBFAC100A60666 /* FirebaseDynamicLinks in Frameworks */ = {isa = PBXBuildFile; productRef = 6EC2BF2228FBFAC100A60666 /* FirebaseDynamicLinks */; };
		6EC2BF2528FBFAC100A60666 /* FirebaseFirestore in Frameworks */ = {isa = PBXBuildFile; productRef = 6EC2BF2428FBFAC100A60666 /* FirebaseFirestore */; };
		6EC2BF2728FBFAC100A60666 /* FirebaseInAppMessaging-Beta in Frameworks */ = {isa = PBXBuildFile; productRef = 6EC2BF2628FBFAC100A60666 /* FirebaseInAppMessaging-Beta */; };
		6EC2BF2928FBFAC100A60666 /* FirebaseInstallations in Frameworks */ = {isa = PBXBuildFile; productRef = 6EC2BF2828FBFAC100A60666 /* FirebaseInstallations */; };
		6EC2BF2B28FBFAC100A60666 /* FirebaseMessaging in Frameworks */ = {isa = PBXBuildFile; productRef = 6EC2BF2A28FBFAC100A60666 /* FirebaseMessaging */; };
		6EC2BF2D28FBFAC100A60666 /* FirebaseStorage in Frameworks */ = {isa = PBXBuildFile; productRef = 6EC2BF2C28FBFAC100A60666 /* FirebaseStorage */; };
		6EC2BF2F28FBFC1200A60666 /* MyPageViewController.swift in Sources */ = {isa = PBXBuildFile; fileRef = 6EC2BF2E28FBFC1200A60666 /* MyPageViewController.swift */; };
/* End PBXBuildFile section */

/* Begin PBXContainerItemProxy section */
		6EC2BEF928FBF4E600A60666 /* PBXContainerItemProxy */ = {
			isa = PBXContainerItemProxy;
			containerPortal = 6EC2BED728FBF4E500A60666 /* Project object */;
			proxyType = 1;
			remoteGlobalIDString = 6EC2BEDE28FBF4E500A60666;
			remoteInfo = Sandals;
		};
		6EC2BF0328FBF4E600A60666 /* PBXContainerItemProxy */ = {
			isa = PBXContainerItemProxy;
			containerPortal = 6EC2BED728FBF4E500A60666 /* Project object */;
			proxyType = 1;
			remoteGlobalIDString = 6EC2BEDE28FBF4E500A60666;
			remoteInfo = Sandals;
		};
/* End PBXContainerItemProxy section */

/* Begin PBXFileReference section */
		6EC2BEDF28FBF4E500A60666 /* Sandals.app */ = {isa = PBXFileReference; explicitFileType = wrapper.application; includeInIndex = 0; path = Sandals.app; sourceTree = BUILT_PRODUCTS_DIR; };
		6EC2BEE228FBF4E500A60666 /* AppDelegate.swift */ = {isa = PBXFileReference; lastKnownFileType = sourcecode.swift; path = AppDelegate.swift; sourceTree = "<group>"; };
		6EC2BEE428FBF4E500A60666 /* SceneDelegate.swift */ = {isa = PBXFileReference; lastKnownFileType = sourcecode.swift; path = SceneDelegate.swift; sourceTree = "<group>"; };
		6EC2BEE628FBF4E500A60666 /* HomeViewController.swift */ = {isa = PBXFileReference; lastKnownFileType = sourcecode.swift; path = HomeViewController.swift; sourceTree = "<group>"; };
		6EC2BEE928FBF4E500A60666 /* Base */ = {isa = PBXFileReference; lastKnownFileType = file.storyboard; name = Base; path = Base.lproj/Main.storyboard; sourceTree = "<group>"; };
		6EC2BEEC28FBF4E500A60666 /* Sandals.xcdatamodel */ = {isa = PBXFileReference; lastKnownFileType = wrapper.xcdatamodel; path = Sandals.xcdatamodel; sourceTree = "<group>"; };
		6EC2BEEE28FBF4E600A60666 /* Assets.xcassets */ = {isa = PBXFileReference; lastKnownFileType = folder.assetcatalog; path = Assets.xcassets; sourceTree = "<group>"; };
		6EC2BEF128FBF4E600A60666 /* Base */ = {isa = PBXFileReference; lastKnownFileType = file.storyboard; name = Base; path = Base.lproj/LaunchScreen.storyboard; sourceTree = "<group>"; };
		6EC2BEF328FBF4E600A60666 /* Info.plist */ = {isa = PBXFileReference; lastKnownFileType = text.plist.xml; path = Info.plist; sourceTree = "<group>"; };
		6EC2BEF828FBF4E600A60666 /* SandalsTests.xctest */ = {isa = PBXFileReference; explicitFileType = wrapper.cfbundle; includeInIndex = 0; path = SandalsTests.xctest; sourceTree = BUILT_PRODUCTS_DIR; };
		6EC2BEFC28FBF4E600A60666 /* SandalsTests.swift */ = {isa = PBXFileReference; lastKnownFileType = sourcecode.swift; path = SandalsTests.swift; sourceTree = "<group>"; };
		6EC2BF0228FBF4E600A60666 /* SandalsUITests.xctest */ = {isa = PBXFileReference; explicitFileType = wrapper.cfbundle; includeInIndex = 0; path = SandalsUITests.xctest; sourceTree = BUILT_PRODUCTS_DIR; };
		6EC2BF0628FBF4E600A60666 /* SandalsUITests.swift */ = {isa = PBXFileReference; lastKnownFileType = sourcecode.swift; path = SandalsUITests.swift; sourceTree = "<group>"; };
		6EC2BF0828FBF4E600A60666 /* SandalsUITestsLaunchTests.swift */ = {isa = PBXFileReference; lastKnownFileType = sourcecode.swift; path = SandalsUITestsLaunchTests.swift; sourceTree = "<group>"; };
		6EC2BF2E28FBFC1200A60666 /* MyPageViewController.swift */ = {isa = PBXFileReference; lastKnownFileType = sourcecode.swift; path = MyPageViewController.swift; sourceTree = "<group>"; };
/* End PBXFileReference section */

/* Begin PBXFrameworksBuildPhase section */
		6EC2BEDC28FBF4E500A60666 /* Frameworks */ = {
			isa = PBXFrameworksBuildPhase;
			buildActionMask = 2147483647;
			files = (
				6EC2BF2128FBFAC100A60666 /* FirebaseDatabase in Frameworks */,
				6EC2BF1928FBFAC100A60666 /* FirebaseAppCheck in Frameworks */,
				6EC2BF2728FBFAC100A60666 /* FirebaseInAppMessaging-Beta in Frameworks */,
				6EC2BF1728FBFAC100A60666 /* FirebaseAnalytics in Frameworks */,
				6EC2BF1F28FBFAC100A60666 /* FirebaseCrashlytics in Frameworks */,
				6EC2BF2D28FBFAC100A60666 /* FirebaseStorage in Frameworks */,
				6EC2BF1B28FBFAC100A60666 /* FirebaseAppDistribution-Beta in Frameworks */,
				6EC2BF2528FBFAC100A60666 /* FirebaseFirestore in Frameworks */,
				6EC2BF2328FBFAC100A60666 /* FirebaseDynamicLinks in Frameworks */,
				6EC2BF1D28FBFAC100A60666 /* FirebaseAuth in Frameworks */,
				6EC2BF2B28FBFAC100A60666 /* FirebaseMessaging in Frameworks */,
				6EC2BF2928FBFAC100A60666 /* FirebaseInstallations in Frameworks */,
			);
			runOnlyForDeploymentPostprocessing = 0;
		};
		6EC2BEF528FBF4E600A60666 /* Frameworks */ = {
			isa = PBXFrameworksBuildPhase;
			buildActionMask = 2147483647;
			files = (
			);
			runOnlyForDeploymentPostprocessing = 0;
		};
		6EC2BEFF28FBF4E600A60666 /* Frameworks */ = {
			isa = PBXFrameworksBuildPhase;
			buildActionMask = 2147483647;
			files = (
			);
			runOnlyForDeploymentPostprocessing = 0;
		};
/* End PBXFrameworksBuildPhase section */

/* Begin PBXGroup section */
		6EC2BED628FBF4E500A60666 = {
			isa = PBXGroup;
			children = (
				6EC2BEE128FBF4E500A60666 /* Sandals */,
				6EC2BEFB28FBF4E600A60666 /* SandalsTests */,
				6EC2BF0528FBF4E600A60666 /* SandalsUITests */,
				6EC2BEE028FBF4E500A60666 /* Products */,
			);
			sourceTree = "<group>";
		};
		6EC2BEE028FBF4E500A60666 /* Products */ = {
			isa = PBXGroup;
			children = (
				6EC2BEDF28FBF4E500A60666 /* Sandals.app */,
				6EC2BEF828FBF4E600A60666 /* SandalsTests.xctest */,
				6EC2BF0228FBF4E600A60666 /* SandalsUITests.xctest */,
			);
			name = Products;
			sourceTree = "<group>";
		};
		6EC2BEE128FBF4E500A60666 /* Sandals */ = {
			isa = PBXGroup;
			children = (
				6EC2BEE228FBF4E500A60666 /* AppDelegate.swift */,
				6EC2BEE428FBF4E500A60666 /* SceneDelegate.swift */,
				6EC2BEE628FBF4E500A60666 /* HomeViewController.swift */,
				6EC2BEE828FBF4E500A60666 /* Main.storyboard */,
				6EC2BF2E28FBFC1200A60666 /* MyPageViewController.swift */,
				6EC2BEEE28FBF4E600A60666 /* Assets.xcassets */,
				6EC2BEF028FBF4E600A60666 /* LaunchScreen.storyboard */,
				6EC2BEF328FBF4E600A60666 /* Info.plist */,
				6EC2BEEB28FBF4E500A60666 /* Sandals.xcdatamodeld */,
			);
			path = Sandals;
			sourceTree = "<group>";
		};
		6EC2BEFB28FBF4E600A60666 /* SandalsTests */ = {
			isa = PBXGroup;
			children = (
				6EC2BEFC28FBF4E600A60666 /* SandalsTests.swift */,
			);
			path = SandalsTests;
			sourceTree = "<group>";
		};
		6EC2BF0528FBF4E600A60666 /* SandalsUITests */ = {
			isa = PBXGroup;
			children = (
				6EC2BF0628FBF4E600A60666 /* SandalsUITests.swift */,
				6EC2BF0828FBF4E600A60666 /* SandalsUITestsLaunchTests.swift */,
			);
			path = SandalsUITests;
			sourceTree = "<group>";
		};
/* End PBXGroup section */

/* Begin PBXNativeTarget section */
		6EC2BEDE28FBF4E500A60666 /* Sandals */ = {
			isa = PBXNativeTarget;
			buildConfigurationList = 6EC2BF0C28FBF4E600A60666 /* Build configuration list for PBXNativeTarget "Sandals" */;
			buildPhases = (
				6EC2BEDB28FBF4E500A60666 /* Sources */,
				6EC2BEDC28FBF4E500A60666 /* Frameworks */,
				6EC2BEDD28FBF4E500A60666 /* Resources */,
			);
			buildRules = (
			);
			dependencies = (
			);
			name = Sandals;
			packageProductDependencies = (
				6EC2BF1628FBFAC100A60666 /* FirebaseAnalytics */,
				6EC2BF1828FBFAC100A60666 /* FirebaseAppCheck */,
				6EC2BF1A28FBFAC100A60666 /* FirebaseAppDistribution-Beta */,
				6EC2BF1C28FBFAC100A60666 /* FirebaseAuth */,
				6EC2BF1E28FBFAC100A60666 /* FirebaseCrashlytics */,
				6EC2BF2028FBFAC100A60666 /* FirebaseDatabase */,
				6EC2BF2228FBFAC100A60666 /* FirebaseDynamicLinks */,
				6EC2BF2428FBFAC100A60666 /* FirebaseFirestore */,
				6EC2BF2628FBFAC100A60666 /* FirebaseInAppMessaging-Beta */,
				6EC2BF2828FBFAC100A60666 /* FirebaseInstallations */,
				6EC2BF2A28FBFAC100A60666 /* FirebaseMessaging */,
				6EC2BF2C28FBFAC100A60666 /* FirebaseStorage */,
			);
			productName = Sandals;
			productReference = 6EC2BEDF28FBF4E500A60666 /* Sandals.app */;
			productType = "com.apple.product-type.application";
		};
		6EC2BEF728FBF4E600A60666 /* SandalsTests */ = {
			isa = PBXNativeTarget;
			buildConfigurationList = 6EC2BF0F28FBF4E600A60666 /* Build configuration list for PBXNativeTarget "SandalsTests" */;
			buildPhases = (
				6EC2BEF428FBF4E600A60666 /* Sources */,
				6EC2BEF528FBF4E600A60666 /* Frameworks */,
				6EC2BEF628FBF4E600A60666 /* Resources */,
			);
			buildRules = (
			);
			dependencies = (
				6EC2BEFA28FBF4E600A60666 /* PBXTargetDependency */,
			);
			name = SandalsTests;
			productName = SandalsTests;
			productReference = 6EC2BEF828FBF4E600A60666 /* SandalsTests.xctest */;
			productType = "com.apple.product-type.bundle.unit-test";
		};
		6EC2BF0128FBF4E600A60666 /* SandalsUITests */ = {
			isa = PBXNativeTarget;
			buildConfigurationList = 6EC2BF1228FBF4E600A60666 /* Build configuration list for PBXNativeTarget "SandalsUITests" */;
			buildPhases = (
				6EC2BEFE28FBF4E600A60666 /* Sources */,
				6EC2BEFF28FBF4E600A60666 /* Frameworks */,
				6EC2BF0028FBF4E600A60666 /* Resources */,
			);
			buildRules = (
			);
			dependencies = (
				6EC2BF0428FBF4E600A60666 /* PBXTargetDependency */,
			);
			name = SandalsUITests;
			productName = SandalsUITests;
			productReference = 6EC2BF0228FBF4E600A60666 /* SandalsUITests.xctest */;
			productType = "com.apple.product-type.bundle.ui-testing";
		};
/* End PBXNativeTarget section */

/* Begin PBXProject section */
		6EC2BED728FBF4E500A60666 /* Project object */ = {
			isa = PBXProject;
			attributes = {
				BuildIndependentTargetsInParallel = 1;
				LastSwiftUpdateCheck = 1400;
				LastUpgradeCheck = 1400;
				TargetAttributes = {
					6EC2BEDE28FBF4E500A60666 = {
						CreatedOnToolsVersion = 14.0;
					};
					6EC2BEF728FBF4E600A60666 = {
						CreatedOnToolsVersion = 14.0;
						TestTargetID = 6EC2BEDE28FBF4E500A60666;
					};
					6EC2BF0128FBF4E600A60666 = {
						CreatedOnToolsVersion = 14.0;
						TestTargetID = 6EC2BEDE28FBF4E500A60666;
					};
				};
			};
			buildConfigurationList = 6EC2BEDA28FBF4E500A60666 /* Build configuration list for PBXProject "Sandals" */;
			compatibilityVersion = "Xcode 14.0";
			developmentRegion = en;
			hasScannedForEncodings = 0;
			knownRegions = (
				en,
				Base,
			);
			mainGroup = 6EC2BED628FBF4E500A60666;
			packageReferences = (
				6EC2BF1528FBFAC100A60666 /* XCRemoteSwiftPackageReference "firebase-ios-sdk" */,
			);
			productRefGroup = 6EC2BEE028FBF4E500A60666 /* Products */;
			projectDirPath = "";
			projectRoot = "";
			targets = (
				6EC2BEDE28FBF4E500A60666 /* Sandals */,
				6EC2BEF728FBF4E600A60666 /* SandalsTests */,
				6EC2BF0128FBF4E600A60666 /* SandalsUITests */,
			);
		};
/* End PBXProject section */

/* Begin PBXResourcesBuildPhase section */
		6EC2BEDD28FBF4E500A60666 /* Resources */ = {
			isa = PBXResourcesBuildPhase;
			buildActionMask = 2147483647;
			files = (
				6EC2BEF228FBF4E600A60666 /* LaunchScreen.storyboard in Resources */,
				6EC2BEEF28FBF4E600A60666 /* Assets.xcassets in Resources */,
				6EC2BEEA28FBF4E500A60666 /* Main.storyboard in Resources */,
			);
			runOnlyForDeploymentPostprocessing = 0;
		};
		6EC2BEF628FBF4E600A60666 /* Resources */ = {
			isa = PBXResourcesBuildPhase;
			buildActionMask = 2147483647;
			files = (
			);
			runOnlyForDeploymentPostprocessing = 0;
		};
		6EC2BF0028FBF4E600A60666 /* Resources */ = {
			isa = PBXResourcesBuildPhase;
			buildActionMask = 2147483647;
			files = (
			);
			runOnlyForDeploymentPostprocessing = 0;
		};
/* End PBXResourcesBuildPhase section */

/* Begin PBXSourcesBuildPhase section */
		6EC2BEDB28FBF4E500A60666 /* Sources */ = {
			isa = PBXSourcesBuildPhase;
			buildActionMask = 2147483647;
			files = (
				6EC2BF2F28FBFC1200A60666 /* MyPageViewController.swift in Sources */,
				6EC2BEE728FBF4E500A60666 /* HomeViewController.swift in Sources */,
				6EC2BEE328FBF4E500A60666 /* AppDelegate.swift in Sources */,
				6EC2BEED28FBF4E500A60666 /* Sandals.xcdatamodeld in Sources */,
				6EC2BEE528FBF4E500A60666 /* SceneDelegate.swift in Sources */,
			);
			runOnlyForDeploymentPostprocessing = 0;
		};
		6EC2BEF428FBF4E600A60666 /* Sources */ = {
			isa = PBXSourcesBuildPhase;
			buildActionMask = 2147483647;
			files = (
				6EC2BEFD28FBF4E600A60666 /* SandalsTests.swift in Sources */,
			);
			runOnlyForDeploymentPostprocessing = 0;
		};
		6EC2BEFE28FBF4E600A60666 /* Sources */ = {
			isa = PBXSourcesBuildPhase;
			buildActionMask = 2147483647;
			files = (
				6EC2BF0728FBF4E600A60666 /* SandalsUITests.swift in Sources */,
				6EC2BF0928FBF4E600A60666 /* SandalsUITestsLaunchTests.swift in Sources */,
			);
			runOnlyForDeploymentPostprocessing = 0;
		};
/* End PBXSourcesBuildPhase section */

/* Begin PBXTargetDependency section */
		6EC2BEFA28FBF4E600A60666 /* PBXTargetDependency */ = {
			isa = PBXTargetDependency;
			target = 6EC2BEDE28FBF4E500A60666 /* Sandals */;
			targetProxy = 6EC2BEF928FBF4E600A60666 /* PBXContainerItemProxy */;
		};
		6EC2BF0428FBF4E600A60666 /* PBXTargetDependency */ = {
			isa = PBXTargetDependency;
			target = 6EC2BEDE28FBF4E500A60666 /* Sandals */;
			targetProxy = 6EC2BF0328FBF4E600A60666 /* PBXContainerItemProxy */;
		};
/* End PBXTargetDependency section */

/* Begin PBXVariantGroup section */
		6EC2BEE828FBF4E500A60666 /* Main.storyboard */ = {
			isa = PBXVariantGroup;
			children = (
				6EC2BEE928FBF4E500A60666 /* Base */,
			);
			name = Main.storyboard;
			sourceTree = "<group>";
		};
		6EC2BEF028FBF4E600A60666 /* LaunchScreen.storyboard */ = {
			isa = PBXVariantGroup;
			children = (
				6EC2BEF128FBF4E600A60666 /* Base */,
			);
			name = LaunchScreen.storyboard;
			sourceTree = "<group>";
		};
/* End PBXVariantGroup section */

/* Begin XCBuildConfiguration section */
		6EC2BF0A28FBF4E600A60666 /* Debug */ = {
			isa = XCBuildConfiguration;
			buildSettings = {
				ALWAYS_SEARCH_USER_PATHS = NO;
				CLANG_ANALYZER_NONNULL = YES;
				CLANG_ANALYZER_NUMBER_OBJECT_CONVERSION = YES_AGGRESSIVE;
				CLANG_CXX_LANGUAGE_STANDARD = "gnu++20";
				CLANG_ENABLE_MODULES = YES;
				CLANG_ENABLE_OBJC_ARC = YES;
				CLANG_ENABLE_OBJC_WEAK = YES;
				CLANG_WARN_BLOCK_CAPTURE_AUTORELEASING = YES;
				CLANG_WARN_BOOL_CONVERSION = YES;
				CLANG_WARN_COMMA = YES;
				CLANG_WARN_CONSTANT_CONVERSION = YES;
				CLANG_WARN_DEPRECATED_OBJC_IMPLEMENTATIONS = YES;
				CLANG_WARN_DIRECT_OBJC_ISA_USAGE = YES_ERROR;
				CLANG_WARN_DOCUMENTATION_COMMENTS = YES;
				CLANG_WARN_EMPTY_BODY = YES;
				CLANG_WARN_ENUM_CONVERSION = YES;
				CLANG_WARN_INFINITE_RECURSION = YES;
				CLANG_WARN_INT_CONVERSION = YES;
				CLANG_WARN_NON_LITERAL_NULL_CONVERSION = YES;
				CLANG_WARN_OBJC_IMPLICIT_RETAIN_SELF = YES;
				CLANG_WARN_OBJC_LITERAL_CONVERSION = YES;
				CLANG_WARN_OBJC_ROOT_CLASS = YES_ERROR;
				CLANG_WARN_QUOTED_INCLUDE_IN_FRAMEWORK_HEADER = YES;
				CLANG_WARN_RANGE_LOOP_ANALYSIS = YES;
				CLANG_WARN_STRICT_PROTOTYPES = YES;
				CLANG_WARN_SUSPICIOUS_MOVE = YES;
				CLANG_WARN_UNGUARDED_AVAILABILITY = YES_AGGRESSIVE;
				CLANG_WARN_UNREACHABLE_CODE = YES;
				CLANG_WARN__DUPLICATE_METHOD_MATCH = YES;
				COPY_PHASE_STRIP = NO;
				DEBUG_INFORMATION_FORMAT = dwarf;
				ENABLE_STRICT_OBJC_MSGSEND = YES;
				ENABLE_TESTABILITY = YES;
				GCC_C_LANGUAGE_STANDARD = gnu11;
				GCC_DYNAMIC_NO_PIC = NO;
				GCC_NO_COMMON_BLOCKS = YES;
				GCC_OPTIMIZATION_LEVEL = 0;
				GCC_PREPROCESSOR_DEFINITIONS = (
					"DEBUG=1",
					"$(inherited)",
				);
				GCC_WARN_64_TO_32_BIT_CONVERSION = YES;
				GCC_WARN_ABOUT_RETURN_TYPE = YES_ERROR;
				GCC_WARN_UNDECLARED_SELECTOR = YES;
				GCC_WARN_UNINITIALIZED_AUTOS = YES_AGGRESSIVE;
				GCC_WARN_UNUSED_FUNCTION = YES;
				GCC_WARN_UNUSED_VARIABLE = YES;
				IPHONEOS_DEPLOYMENT_TARGET = 16.0;
				MTL_ENABLE_DEBUG_INFO = INCLUDE_SOURCE;
				MTL_FAST_MATH = YES;
				ONLY_ACTIVE_ARCH = YES;
				SDKROOT = iphoneos;
				SWIFT_ACTIVE_COMPILATION_CONDITIONS = DEBUG;
				SWIFT_OPTIMIZATION_LEVEL = "-Onone";
			};
			name = Debug;
		};
		6EC2BF0B28FBF4E600A60666 /* Release */ = {
			isa = XCBuildConfiguration;
			buildSettings = {
				ALWAYS_SEARCH_USER_PATHS = NO;
				CLANG_ANALYZER_NONNULL = YES;
				CLANG_ANALYZER_NUMBER_OBJECT_CONVERSION = YES_AGGRESSIVE;
				CLANG_CXX_LANGUAGE_STANDARD = "gnu++20";
				CLANG_ENABLE_MODULES = YES;
				CLANG_ENABLE_OBJC_ARC = YES;
				CLANG_ENABLE_OBJC_WEAK = YES;
				CLANG_WARN_BLOCK_CAPTURE_AUTORELEASING = YES;
				CLANG_WARN_BOOL_CONVERSION = YES;
				CLANG_WARN_COMMA = YES;
				CLANG_WARN_CONSTANT_CONVERSION = YES;
				CLANG_WARN_DEPRECATED_OBJC_IMPLEMENTATIONS = YES;
				CLANG_WARN_DIRECT_OBJC_ISA_USAGE = YES_ERROR;
				CLANG_WARN_DOCUMENTATION_COMMENTS = YES;
				CLANG_WARN_EMPTY_BODY = YES;
				CLANG_WARN_ENUM_CONVERSION = YES;
				CLANG_WARN_INFINITE_RECURSION = YES;
				CLANG_WARN_INT_CONVERSION = YES;
				CLANG_WARN_NON_LITERAL_NULL_CONVERSION = YES;
				CLANG_WARN_OBJC_IMPLICIT_RETAIN_SELF = YES;
				CLANG_WARN_OBJC_LITERAL_CONVERSION = YES;
				CLANG_WARN_OBJC_ROOT_CLASS = YES_ERROR;
				CLANG_WARN_QUOTED_INCLUDE_IN_FRAMEWORK_HEADER = YES;
				CLANG_WARN_RANGE_LOOP_ANALYSIS = YES;
				CLANG_WARN_STRICT_PROTOTYPES = YES;
				CLANG_WARN_SUSPICIOUS_MOVE = YES;
				CLANG_WARN_UNGUARDED_AVAILABILITY = YES_AGGRESSIVE;
				CLANG_WARN_UNREACHABLE_CODE = YES;
				CLANG_WARN__DUPLICATE_METHOD_MATCH = YES;
				COPY_PHASE_STRIP = NO;
				DEBUG_INFORMATION_FORMAT = "dwarf-with-dsym";
				ENABLE_NS_ASSERTIONS = NO;
				ENABLE_STRICT_OBJC_MSGSEND = YES;
				GCC_C_LANGUAGE_STANDARD = gnu11;
				GCC_NO_COMMON_BLOCKS = YES;
				GCC_WARN_64_TO_32_BIT_CONVERSION = YES;
				GCC_WARN_ABOUT_RETURN_TYPE = YES_ERROR;
				GCC_WARN_UNDECLARED_SELECTOR = YES;
				GCC_WARN_UNINITIALIZED_AUTOS = YES_AGGRESSIVE;
				GCC_WARN_UNUSED_FUNCTION = YES;
				GCC_WARN_UNUSED_VARIABLE = YES;
				IPHONEOS_DEPLOYMENT_TARGET = 16.0;
				MTL_ENABLE_DEBUG_INFO = NO;
				MTL_FAST_MATH = YES;
				SDKROOT = iphoneos;
				SWIFT_COMPILATION_MODE = wholemodule;
				SWIFT_OPTIMIZATION_LEVEL = "-O";
				VALIDATE_PRODUCT = YES;
			};
			name = Release;
		};
		6EC2BF0D28FBF4E600A60666 /* Debug */ = {
			isa = XCBuildConfiguration;
			buildSettings = {
				ASSETCATALOG_COMPILER_APPICON_NAME = AppIcon;
				ASSETCATALOG_COMPILER_GLOBAL_ACCENT_COLOR_NAME = AccentColor;
				CODE_SIGN_IDENTITY = "Apple Development";
				CODE_SIGN_STYLE = Automatic;
				CURRENT_PROJECT_VERSION = 1;
				DEVELOPMENT_TEAM = RLD2Z6D224;
				GENERATE_INFOPLIST_FILE = YES;
				INFOPLIST_FILE = Sandals/Info.plist;
				INFOPLIST_KEY_UIApplicationSupportsIndirectInputEvents = YES;
				INFOPLIST_KEY_UILaunchStoryboardName = LaunchScreen;
				INFOPLIST_KEY_UIMainStoryboardFile = Main;
				INFOPLIST_KEY_UISupportedInterfaceOrientations_iPad = "UIInterfaceOrientationPortrait UIInterfaceOrientationPortraitUpsideDown UIInterfaceOrientationLandscapeLeft UIInterfaceOrientationLandscapeRight";
				INFOPLIST_KEY_UISupportedInterfaceOrientations_iPhone = "UIInterfaceOrientationPortrait UIInterfaceOrientationLandscapeLeft UIInterfaceOrientationLandscapeRight";
				LD_RUNPATH_SEARCH_PATHS = (
					"$(inherited)",
					"@executable_path/Frameworks",
				);
				MARKETING_VERSION = 1.0;
				PRODUCT_BUNDLE_IDENTIFIER = com.Sandals;
				PRODUCT_NAME = "$(TARGET_NAME)";
				PROVISIONING_PROFILE_SPECIFIER = "";
				SWIFT_EMIT_LOC_STRINGS = YES;
				SWIFT_VERSION = 5.0;
				TARGETED_DEVICE_FAMILY = "1,2";
			};
			name = Debug;
		};
		6EC2BF0E28FBF4E600A60666 /* Release */ = {
			isa = XCBuildConfiguration;
			buildSettings = {
				ASSETCATALOG_COMPILER_APPICON_NAME = AppIcon;
				ASSETCATALOG_COMPILER_GLOBAL_ACCENT_COLOR_NAME = AccentColor;
				CODE_SIGN_IDENTITY = "Apple Development";
				CODE_SIGN_STYLE = Automatic;
				CURRENT_PROJECT_VERSION = 1;
				DEVELOPMENT_TEAM = RLD2Z6D224;
				GENERATE_INFOPLIST_FILE = YES;
				INFOPLIST_FILE = Sandals/Info.plist;
				INFOPLIST_KEY_UIApplicationSupportsIndirectInputEvents = YES;
				INFOPLIST_KEY_UILaunchStoryboardName = LaunchScreen;
				INFOPLIST_KEY_UIMainStoryboardFile = Main;
				INFOPLIST_KEY_UISupportedInterfaceOrientations_iPad = "UIInterfaceOrientationPortrait UIInterfaceOrientationPortraitUpsideDown UIInterfaceOrientationLandscapeLeft UIInterfaceOrientationLandscapeRight";
				INFOPLIST_KEY_UISupportedInterfaceOrientations_iPhone = "UIInterfaceOrientationPortrait UIInterfaceOrientationLandscapeLeft UIInterfaceOrientationLandscapeRight";
				LD_RUNPATH_SEARCH_PATHS = (
					"$(inherited)",
					"@executable_path/Frameworks",
				);
				MARKETING_VERSION = 1.0;
				PRODUCT_BUNDLE_IDENTIFIER = com.Sandals;
				PRODUCT_NAME = "$(TARGET_NAME)";
				PROVISIONING_PROFILE_SPECIFIER = "";
				SWIFT_EMIT_LOC_STRINGS = YES;
				SWIFT_VERSION = 5.0;
				TARGETED_DEVICE_FAMILY = "1,2";
			};
			name = Release;
		};
		6EC2BF1028FBF4E600A60666 /* Debug */ = {
			isa = XCBuildConfiguration;
			buildSettings = {
				ALWAYS_EMBED_SWIFT_STANDARD_LIBRARIES = YES;
				BUNDLE_LOADER = "$(TEST_HOST)";
				CODE_SIGN_STYLE = Automatic;
				CURRENT_PROJECT_VERSION = 1;
				GENERATE_INFOPLIST_FILE = YES;
				IPHONEOS_DEPLOYMENT_TARGET = 16.0;
				MARKETING_VERSION = 1.0;
				PRODUCT_BUNDLE_IDENTIFIER = com.SandalsTests;
				PRODUCT_NAME = "$(TARGET_NAME)";
				SWIFT_EMIT_LOC_STRINGS = NO;
				SWIFT_VERSION = 5.0;
				TARGETED_DEVICE_FAMILY = "1,2";
				TEST_HOST = "$(BUILT_PRODUCTS_DIR)/Sandals.app/$(BUNDLE_EXECUTABLE_FOLDER_PATH)/Sandals";
			};
			name = Debug;
		};
		6EC2BF1128FBF4E600A60666 /* Release */ = {
			isa = XCBuildConfiguration;
			buildSettings = {
				ALWAYS_EMBED_SWIFT_STANDARD_LIBRARIES = YES;
				BUNDLE_LOADER = "$(TEST_HOST)";
				CODE_SIGN_STYLE = Automatic;
				CURRENT_PROJECT_VERSION = 1;
				GENERATE_INFOPLIST_FILE = YES;
				IPHONEOS_DEPLOYMENT_TARGET = 16.0;
				MARKETING_VERSION = 1.0;
				PRODUCT_BUNDLE_IDENTIFIER = com.SandalsTests;
				PRODUCT_NAME = "$(TARGET_NAME)";
				SWIFT_EMIT_LOC_STRINGS = NO;
				SWIFT_VERSION = 5.0;
				TARGETED_DEVICE_FAMILY = "1,2";
				TEST_HOST = "$(BUILT_PRODUCTS_DIR)/Sandals.app/$(BUNDLE_EXECUTABLE_FOLDER_PATH)/Sandals";
			};
			name = Release;
		};
		6EC2BF1328FBF4E600A60666 /* Debug */ = {
			isa = XCBuildConfiguration;
			buildSettings = {
				ALWAYS_EMBED_SWIFT_STANDARD_LIBRARIES = YES;
				CODE_SIGN_STYLE = Automatic;
				CURRENT_PROJECT_VERSION = 1;
				GENERATE_INFOPLIST_FILE = YES;
				MARKETING_VERSION = 1.0;
				PRODUCT_BUNDLE_IDENTIFIER = com.SandalsUITests;
				PRODUCT_NAME = "$(TARGET_NAME)";
				SWIFT_EMIT_LOC_STRINGS = NO;
				SWIFT_VERSION = 5.0;
				TARGETED_DEVICE_FAMILY = "1,2";
				TEST_TARGET_NAME = Sandals;
			};
			name = Debug;
		};
		6EC2BF1428FBF4E600A60666 /* Release */ = {
			isa = XCBuildConfiguration;
			buildSettings = {
				ALWAYS_EMBED_SWIFT_STANDARD_LIBRARIES = YES;
				CODE_SIGN_STYLE = Automatic;
				CURRENT_PROJECT_VERSION = 1;
				GENERATE_INFOPLIST_FILE = YES;
				MARKETING_VERSION = 1.0;
				PRODUCT_BUNDLE_IDENTIFIER = com.SandalsUITests;
				PRODUCT_NAME = "$(TARGET_NAME)";
				SWIFT_EMIT_LOC_STRINGS = NO;
				SWIFT_VERSION = 5.0;
				TARGETED_DEVICE_FAMILY = "1,2";
				TEST_TARGET_NAME = Sandals;
			};
			name = Release;
		};
/* End XCBuildConfiguration section */

/* Begin XCConfigurationList section */
		6EC2BEDA28FBF4E500A60666 /* Build configuration list for PBXProject "Sandals" */ = {
			isa = XCConfigurationList;
			buildConfigurations = (
				6EC2BF0A28FBF4E600A60666 /* Debug */,
				6EC2BF0B28FBF4E600A60666 /* Release */,
			);
			defaultConfigurationIsVisible = 0;
			defaultConfigurationName = Release;
		};
		6EC2BF0C28FBF4E600A60666 /* Build configuration list for PBXNativeTarget "Sandals" */ = {
			isa = XCConfigurationList;
			buildConfigurations = (
				6EC2BF0D28FBF4E600A60666 /* Debug */,
				6EC2BF0E28FBF4E600A60666 /* Release */,
			);
			defaultConfigurationIsVisible = 0;
			defaultConfigurationName = Release;
		};
		6EC2BF0F28FBF4E600A60666 /* Build configuration list for PBXNativeTarget "SandalsTests" */ = {
			isa = XCConfigurationList;
			buildConfigurations = (
				6EC2BF1028FBF4E600A60666 /* Debug */,
				6EC2BF1128FBF4E600A60666 /* Release */,
			);
			defaultConfigurationIsVisible = 0;
			defaultConfigurationName = Release;
		};
		6EC2BF1228FBF4E600A60666 /* Build configuration list for PBXNativeTarget "SandalsUITests" */ = {
			isa = XCConfigurationList;
			buildConfigurations = (
				6EC2BF1328FBF4E600A60666 /* Debug */,
				6EC2BF1428FBF4E600A60666 /* Release */,
			);
			defaultConfigurationIsVisible = 0;
			defaultConfigurationName = Release;
		};
/* End XCConfigurationList section */

/* Begin XCRemoteSwiftPackageReference section */
		6EC2BF1528FBFAC100A60666 /* XCRemoteSwiftPackageReference "firebase-ios-sdk" */ = {
			isa = XCRemoteSwiftPackageReference;
			repositoryURL = "https://github.com/firebase/firebase-ios-sdk.git";
			requirement = {
				kind = upToNextMajorVersion;
				minimumVersion = 9.0.0;
			};
		};
/* End XCRemoteSwiftPackageReference section */

/* Begin XCSwiftPackageProductDependency section */
		6EC2BF1628FBFAC100A60666 /* FirebaseAnalytics */ = {
			isa = XCSwiftPackageProductDependency;
			package = 6EC2BF1528FBFAC100A60666 /* XCRemoteSwiftPackageReference "firebase-ios-sdk" */;
			productName = FirebaseAnalytics;
		};
		6EC2BF1828FBFAC100A60666 /* FirebaseAppCheck */ = {
			isa = XCSwiftPackageProductDependency;
			package = 6EC2BF1528FBFAC100A60666 /* XCRemoteSwiftPackageReference "firebase-ios-sdk" */;
			productName = FirebaseAppCheck;
		};
		6EC2BF1A28FBFAC100A60666 /* FirebaseAppDistribution-Beta */ = {
			isa = XCSwiftPackageProductDependency;
			package = 6EC2BF1528FBFAC100A60666 /* XCRemoteSwiftPackageReference "firebase-ios-sdk" */;
			productName = "FirebaseAppDistribution-Beta";
		};
		6EC2BF1C28FBFAC100A60666 /* FirebaseAuth */ = {
			isa = XCSwiftPackageProductDependency;
			package = 6EC2BF1528FBFAC100A60666 /* XCRemoteSwiftPackageReference "firebase-ios-sdk" */;
			productName = FirebaseAuth;
		};
		6EC2BF1E28FBFAC100A60666 /* FirebaseCrashlytics */ = {
			isa = XCSwiftPackageProductDependency;
			package = 6EC2BF1528FBFAC100A60666 /* XCRemoteSwiftPackageReference "firebase-ios-sdk" */;
			productName = FirebaseCrashlytics;
		};
		6EC2BF2028FBFAC100A60666 /* FirebaseDatabase */ = {
			isa = XCSwiftPackageProductDependency;
			package = 6EC2BF1528FBFAC100A60666 /* XCRemoteSwiftPackageReference "firebase-ios-sdk" */;
			productName = FirebaseDatabase;
		};
		6EC2BF2228FBFAC100A60666 /* FirebaseDynamicLinks */ = {
			isa = XCSwiftPackageProductDependency;
			package = 6EC2BF1528FBFAC100A60666 /* XCRemoteSwiftPackageReference "firebase-ios-sdk" */;
			productName = FirebaseDynamicLinks;
		};
		6EC2BF2428FBFAC100A60666 /* FirebaseFirestore */ = {
			isa = XCSwiftPackageProductDependency;
			package = 6EC2BF1528FBFAC100A60666 /* XCRemoteSwiftPackageReference "firebase-ios-sdk" */;
			productName = FirebaseFirestore;
		};
		6EC2BF2628FBFAC100A60666 /* FirebaseInAppMessaging-Beta */ = {
			isa = XCSwiftPackageProductDependency;
			package = 6EC2BF1528FBFAC100A60666 /* XCRemoteSwiftPackageReference "firebase-ios-sdk" */;
			productName = "FirebaseInAppMessaging-Beta";
		};
		6EC2BF2828FBFAC100A60666 /* FirebaseInstallations */ = {
			isa = XCSwiftPackageProductDependency;
			package = 6EC2BF1528FBFAC100A60666 /* XCRemoteSwiftPackageReference "firebase-ios-sdk" */;
			productName = FirebaseInstallations;
		};
		6EC2BF2A28FBFAC100A60666 /* FirebaseMessaging */ = {
			isa = XCSwiftPackageProductDependency;
			package = 6EC2BF1528FBFAC100A60666 /* XCRemoteSwiftPackageReference "firebase-ios-sdk" */;
			productName = FirebaseMessaging;
		};
		6EC2BF2C28FBFAC100A60666 /* FirebaseStorage */ = {
			isa = XCSwiftPackageProductDependency;
			package = 6EC2BF1528FBFAC100A60666 /* XCRemoteSwiftPackageReference "firebase-ios-sdk" */;
			productName = FirebaseStorage;
		};
/* End XCSwiftPackageProductDependency section */

/* Begin XCVersionGroup section */
		6EC2BEEB28FBF4E500A60666 /* Sandals.xcdatamodeld */ = {
			isa = XCVersionGroup;
			children = (
				6EC2BEEC28FBF4E500A60666 /* Sandals.xcdatamodel */,
			);
			currentVersion = 6EC2BEEC28FBF4E500A60666 /* Sandals.xcdatamodel */;
			path = Sandals.xcdatamodeld;
			sourceTree = "<group>";
			versionGroupType = wrapper.xcdatamodel;
		};
/* End XCVersionGroup section */
	};
	rootObject = 6EC2BED728FBF4E500A60666 /* Project object */;
}
